
Microsoft Visual Studio Solution File, Format Version 12.00
# Visual Studio Version 17
VisualStudioVersion = 17.0.31919.166
MinimumVisualStudioVersion = 10.0.40219.1
Project("{FAE04EC0-301F-11D3-BF4B-00C04F79EFBC}") = "nuninttesting", "nuninttesting.csproj", "{12171304-40C2-49C1-9A27-0E1F698339ED}"
EndProject
Global
	GlobalSection(SolutionConfigurationPlatforms) = preSolution
		Debug|Any CPU = Debug|Any CPU
		Release|Any CPU = Release|Any CPU
	EndGlobalSection
	GlobalSection(ProjectConfigurationPlatforms) = postSolution
		{12171304-40C2-49C1-9A27-0E1F698339ED}.Debug|Any CPU.ActiveCfg = Debug|Any CPU
		{12171304-40C2-49C1-9A27-0E1F698339ED}.Debug|Any CPU.Build.0 = Debug|Any CPU
		{12171304-40C2-49C1-9A27-0E1F698339ED}.Release|Any CPU.ActiveCfg = Release|Any CPU
		{12171304-40C2-49C1-9A27-0E1F698339ED}.Release|Any CPU.Build.0 = Release|Any CPU
	EndGlobalSection
	GlobalSection(SolutionProperties) = preSolution
		HideSolutionNode = FALSE
	EndGlobalSection
	GlobalSection(ExtensibilityGlobals) = postSolution
		SolutionGuid = {AB5DE7E7-78D1-45B4-87D5-F2AEA9EBBAD9}
	EndGlobalSection
EndGlobal
