
Microsoft Visual Studio Solution File, Format Version 12.00
# Visual Studio Version 17
VisualStudioVersion = 17.0.31919.166
MinimumVisualStudioVersion = 10.0.40219.1
Project("{FAE04EC0-301F-11D3-BF4B-00C04F79EFBC}") = "Stopwatch", "Stopwatch.csproj", "{C1E90FA9-FEB1-4E2D-8680-2F59D82AFBB2}"
EndProject
Global
	GlobalSection(SolutionConfigurationPlatforms) = preSolution
		Debug|Any CPU = Debug|Any CPU
		Release|Any CPU = Release|Any CPU
	EndGlobalSection
	GlobalSection(ProjectConfigurationPlatforms) = postSolution
		{C1E90FA9-FEB1-4E2D-8680-2F59D82AFBB2}.Debug|Any CPU.ActiveCfg = Debug|Any CPU
		{C1E90FA9-FEB1-4E2D-8680-2F59D82AFBB2}.Debug|Any CPU.Build.0 = Debug|Any CPU
		{C1E90FA9-FEB1-4E2D-8680-2F59D82AFBB2}.Release|Any CPU.ActiveCfg = Release|Any CPU
		{C1E90FA9-FEB1-4E2D-8680-2F59D82AFBB2}.Release|Any CPU.Build.0 = Release|Any CPU
	EndGlobalSection
	GlobalSection(SolutionProperties) = preSolution
		HideSolutionNode = FALSE
	EndGlobalSection
	GlobalSection(ExtensibilityGlobals) = postSolution
		SolutionGuid = {DA9B2390-B661-4327-B75D-E7D783901101}
	EndGlobalSection
EndGlobal
